
Microsoft Visual Studio Solution File, Format Version 12.00
# Visual Studio Version 16
VisualStudioVersion = 16.0.31205.134
MinimumVisualStudioVersion = 10.0.40219.1
Project("{FAE04EC0-301F-11D3-BF4B-00C04F79EFBC}") = "Bilgi Giriş", "Bilgi Giriş\Bilgi Giriş.csproj", "{C7D12B69-6137-4F17-8DA4-32FF19B671B4}"
EndProject
Global
	GlobalSection(SolutionConfigurationPlatforms) = preSolution
		Debug|Any CPU = Debug|Any CPU
		Release|Any CPU = Release|Any CPU
	EndGlobalSection
	GlobalSection(ProjectConfigurationPlatforms) = postSolution
		{C7D12B69-6137-4F17-8DA4-32FF19B671B4}.Debug|Any CPU.ActiveCfg = Debug|Any CPU
		{C7D12B69-6137-4F17-8DA4-32FF19B671B4}.Debug|Any CPU.Build.0 = Debug|Any CPU
		{C7D12B69-6137-4F17-8DA4-32FF19B671B4}.Release|Any CPU.ActiveCfg = Release|Any CPU
		{C7D12B69-6137-4F17-8DA4-32FF19B671B4}.Release|Any CPU.Build.0 = Release|Any CPU
	EndGlobalSection
	GlobalSection(SolutionProperties) = preSolution
		HideSolutionNode = FALSE
	EndGlobalSection
	GlobalSection(ExtensibilityGlobals) = postSolution
		SolutionGuid = {71FDFE45-1A6C-4C86-9704-BDA58FF4985C}
	EndGlobalSection
EndGlobal
